
Microsoft Visual Studio Solution File, Format Version 12.00
# Visual Studio 15
VisualStudioVersion = 15.0.26430.16
MinimumVisualStudioVersion = 10.0.40219.1
Project("{2150E333-8FDC-42A3-9474-1A3956D46DE8}") = "src", "src", "{9E56DCBD-DF2C-4A30-B536-A56096A30A82}"
EndProject
Project("{FAE04EC0-301F-11D3-BF4B-00C04F79EFBC}") = "M.Repository.EntityFramework", "src\M.Repository.EntityFramework\M.Repository.EntityFramework.csproj", "{D1EC32AA-9BD4-4706-BA15-A9649A32586A}"
EndProject
Global
	GlobalSection(SolutionConfigurationPlatforms) = preSolution
		Debug|Any CPU = Debug|Any CPU
		Release|Any CPU = Release|Any CPU
	EndGlobalSection
	GlobalSection(ProjectConfigurationPlatforms) = postSolution
		{D1EC32AA-9BD4-4706-BA15-A9649A32586A}.Debug|Any CPU.ActiveCfg = Debug|Any CPU
		{D1EC32AA-9BD4-4706-BA15-A9649A32586A}.Debug|Any CPU.Build.0 = Debug|Any CPU
		{D1EC32AA-9BD4-4706-BA15-A9649A32586A}.Release|Any CPU.ActiveCfg = Release|Any CPU
		{D1EC32AA-9BD4-4706-BA15-A9649A32586A}.Release|Any CPU.Build.0 = Release|Any CPU
	EndGlobalSection
	GlobalSection(SolutionProperties) = preSolution
		HideSolutionNode = FALSE
	EndGlobalSection
	GlobalSection(NestedProjects) = preSolution
		{D1EC32AA-9BD4-4706-BA15-A9649A32586A} = {9E56DCBD-DF2C-4A30-B536-A56096A30A82}
	EndGlobalSection
EndGlobal
